// !$*UTF8*$!
{
	archiveVersion = 1;
	classes = {
	};
	objectVersion = 46;
	objects = {

/* Begin PBXBuildFile section */
		0110073A1DCC6DBB00424C03 /* GCDAsyncSocket.m in Sources */ = {isa = PBXBuildFile; fileRef = 011007371DCC6DBA00424C03 /* GCDAsyncSocket.m */; };
		0110073B1DCC6DBB00424C03 /* GCDAsyncUdpSocket.m in Sources */ = {isa = PBXBuildFile; fileRef = 011007391DCC6DBA00424C03 /* GCDAsyncUdpSocket.m */; };
		0110763A1DCB9B1900D872D0 /* main.m in Sources */ = {isa = PBXBuildFile; fileRef = 011076391DCB9B1900D872D0 /* main.m */; };
		0110763D1DCB9B1900D872D0 /* AppDelegate.m in Sources */ = {isa = PBXBuildFile; fileRef = 0110763C1DCB9B1900D872D0 /* AppDelegate.m */; };
		011076401DCB9B1900D872D0 /* ViewController.m in Sources */ = {isa = PBXBuildFile; fileRef = 0110763F1DCB9B1900D872D0 /* ViewController.m */; };
		011076431DCB9B1900D872D0 /* Main.storyboard in Resources */ = {isa = PBXBuildFile; fileRef = 011076411DCB9B1900D872D0 /* Main.storyboard */; };
		011076451DCB9B1900D872D0 /* Assets.xcassets in Resources */ = {isa = PBXBuildFile; fileRef = 011076441DCB9B1900D872D0 /* Assets.xcassets */; };
		011076481DCB9B1900D872D0 /* LaunchScreen.storyboard in Resources */ = {isa = PBXBuildFile; fileRef = 011076461DCB9B1900D872D0 /* LaunchScreen.storyboard */; };
		011076541DCB9B2600D872D0 /* AsyncSocket.m in Sources */ = {isa = PBXBuildFile; fileRef = 011076511DCB9B2600D872D0 /* AsyncSocket.m */; settings = {COMPILER_FLAGS = "-fno-objc-arc"; }; };
		011076551DCB9B2600D872D0 /* AsyncUdpSocket.m in Sources */ = {isa = PBXBuildFile; fileRef = 011076531DCB9B2600D872D0 /* AsyncUdpSocket.m */; settings = {COMPILER_FLAGS = "-fno-objc-arc"; }; };
/* End PBXBuildFile section */

/* Begin PBXFileReference section */
		011007361DCC6DBA00424C03 /* GCDAsyncSocket.h */ = {isa = PBXFileReference; fileEncoding = 4; lastKnownFileType = sourcecode.c.h; path = GCDAsyncSocket.h; sourceTree = "<group>"; };
		011007371DCC6DBA00424C03 /* GCDAsyncSocket.m */ = {isa = PBXFileReference; fileEncoding = 4; lastKnownFileType = sourcecode.c.objc; path = GCDAsyncSocket.m; sourceTree = "<group>"; };
		011007381DCC6DBA00424C03 /* GCDAsyncUdpSocket.h */ = {isa = PBXFileReference; fileEncoding = 4; lastKnownFileType = sourcecode.c.h; path = GCDAsyncUdpSocket.h; sourceTree = "<group>"; };
		011007391DCC6DBA00424C03 /* GCDAsyncUdpSocket.m */ = {isa = PBXFileReference; fileEncoding = 4; lastKnownFileType = sourcecode.c.objc; path = GCDAsyncUdpSocket.m; sourceTree = "<group>"; };
		011076351DCB9B1900D872D0 /* scTest.app */ = {isa = PBXFileReference; explicitFileType = wrapper.application; includeInIndex = 0; path = scTest.app; sourceTree = BUILT_PRODUCTS_DIR; };
		011076391DCB9B1900D872D0 /* main.m */ = {isa = PBXFileReference; lastKnownFileType = sourcecode.c.objc; path = main.m; sourceTree = "<group>"; };
		0110763B1DCB9B1900D872D0 /* AppDelegate.h */ = {isa = PBXFileReference; lastKnownFileType = sourcecode.c.h; path = AppDelegate.h; sourceTree = "<group>"; };
		0110763C1DCB9B1900D872D0 /* AppDelegate.m */ = {isa = PBXFileReference; lastKnownFileType = sourcecode.c.objc; path = AppDelegate.m; sourceTree = "<group>"; };
		0110763E1DCB9B1900D872D0 /* ViewController.h */ = {isa = PBXFileReference; lastKnownFileType = sourcecode.c.h; path = ViewController.h; sourceTree = "<group>"; };
		0110763F1DCB9B1900D872D0 /* ViewController.m */ = {isa = PBXFileReference; lastKnownFileType = sourcecode.c.objc; path = ViewController.m; sourceTree = "<group>"; };
		011076421DCB9B1900D872D0 /* Base */ = {isa = PBXFileReference; lastKnownFileType = file.storyboard; name = Base; path = Base.lproj/Main.storyboard; sourceTree = "<group>"; };
		011076441DCB9B1900D872D0 /* Assets.xcassets */ = {isa = PBXFileReference; lastKnownFileType = folder.assetcatalog; path = Assets.xcassets; sourceTree = "<group>"; };
		011076471DCB9B1900D872D0 /* Base */ = {isa = PBXFileReference; lastKnownFileType = file.storyboard; name = Base; path = Base.lproj/LaunchScreen.storyboard; sourceTree = "<group>"; };
		011076491DCB9B1900D872D0 /* Info.plist */ = {isa = PBXFileReference; lastKnownFileType = text.plist.xml; path = Info.plist; sourceTree = "<group>"; };
		011076501DCB9B2600D872D0 /* AsyncSocket.h */ = {isa = PBXFileReference; fileEncoding = 4; lastKnownFileType = sourcecode.c.h; path = AsyncSocket.h; sourceTree = "<group>"; };
		011076511DCB9B2600D872D0 /* AsyncSocket.m */ = {isa = PBXFileReference; fileEncoding = 4; lastKnownFileType = sourcecode.c.objc; path = AsyncSocket.m; sourceTree = "<group>"; };
		011076521DCB9B2600D872D0 /* AsyncUdpSocket.h */ = {isa = PBXFileReference; fileEncoding = 4; lastKnownFileType = sourcecode.c.h; path = AsyncUdpSocket.h; sourceTree = "<group>"; };
		011076531DCB9B2600D872D0 /* AsyncUdpSocket.m */ = {isa = PBXFileReference; fileEncoding = 4; lastKnownFileType = sourcecode.c.objc; path = AsyncUdpSocket.m; sourceTree = "<group>"; };
/* End PBXFileReference section */

/* Begin PBXFrameworksBuildPhase section */
		011076321DCB9B1900D872D0 /* Frameworks */ = {
			isa = PBXFrameworksBuildPhase;
			buildActionMask = 2147483647;
			files = (
			);
			runOnlyForDeploymentPostprocessing = 0;
		};
/* End PBXFrameworksBuildPhase section */

/* Begin PBXGroup section */
		011007351DCC6DBA00424C03 /* GCD */ = {
			isa = PBXGroup;
			children = (
				011007361DCC6DBA00424C03 /* GCDAsyncSocket.h */,
				011007371DCC6DBA00424C03 /* GCDAsyncSocket.m */,
				011007381DCC6DBA00424C03 /* GCDAsyncUdpSocket.h */,
				011007391DCC6DBA00424C03 /* GCDAsyncUdpSocket.m */,
			);
			path = GCD;
			sourceTree = "<group>";
		};
		0110762C1DCB9B1900D872D0 = {
			isa = PBXGroup;
			children = (
				011076371DCB9B1900D872D0 /* scTest */,
				011076361DCB9B1900D872D0 /* Products */,
			);
			sourceTree = "<group>";
		};
		011076361DCB9B1900D872D0 /* Products */ = {
			isa = PBXGroup;
			children = (
				011076351DCB9B1900D872D0 /* scTest.app */,
			);
			name = Products;
			sourceTree = "<group>";
		};
		011076371DCB9B1900D872D0 /* scTest */ = {
			isa = PBXGroup;
			children = (
				011007351DCC6DBA00424C03 /* GCD */,
				0110764F1DCB9B2600D872D0 /* AsyncSocket */,
				0110763B1DCB9B1900D872D0 /* AppDelegate.h */,
				0110763C1DCB9B1900D872D0 /* AppDelegate.m */,
				0110763E1DCB9B1900D872D0 /* ViewController.h */,
				0110763F1DCB9B1900D872D0 /* ViewController.m */,
				011076411DCB9B1900D872D0 /* Main.storyboard */,
				011076441DCB9B1900D872D0 /* Assets.xcassets */,
				011076461DCB9B1900D872D0 /* LaunchScreen.storyboard */,
				011076491DCB9B1900D872D0 /* Info.plist */,
				011076381DCB9B1900D872D0 /* Supporting Files */,
			);
			path = scTest;
			sourceTree = "<group>";
		};
		011076381DCB9B1900D872D0 /* Supporting Files */ = {
			isa = PBXGroup;
			children = (
				011076391DCB9B1900D872D0 /* main.m */,
			);
			name = "Supporting Files";
			sourceTree = "<group>";
		};
		0110764F1DCB9B2600D872D0 /* AsyncSocket */ = {
			isa = PBXGroup;
			children = (
				011076501DCB9B2600D872D0 /* AsyncSocket.h */,
				011076511DCB9B2600D872D0 /* AsyncSocket.m */,
				011076521DCB9B2600D872D0 /* AsyncUdpSocket.h */,
				011076531DCB9B2600D872D0 /* AsyncUdpSocket.m */,
			);
			path = AsyncSocket;
			sourceTree = "<group>";
		};
/* End PBXGroup section */

/* Begin PBXNativeTarget section */
		011076341DCB9B1900D872D0 /* scTest */ = {
			isa = PBXNativeTarget;
			buildConfigurationList = 0110764C1DCB9B1900D872D0 /* Build configuration list for PBXNativeTarget "scTest" */;
			buildPhases = (
				011076311DCB9B1900D872D0 /* Sources */,
				011076321DCB9B1900D872D0 /* Frameworks */,
				011076331DCB9B1900D872D0 /* Resources */,
			);
			buildRules = (
			);
			dependencies = (
			);
			name = scTest;
			productName = scTest;
			productReference = 011076351DCB9B1900D872D0 /* scTest.app */;
			productType = "com.apple.product-type.application";
		};
/* End PBXNativeTarget section */

/* Begin PBXProject section */
		0110762D1DCB9B1900D872D0 /* Project object */ = {
			isa = PBXProject;
			attributes = {
				LastUpgradeCheck = 0810;
				ORGANIZATIONNAME = honey;
				TargetAttributes = {
					011076341DCB9B1900D872D0 = {
						CreatedOnToolsVersion = 8.1;
						DevelopmentTeam = W8JY94YY5Z;
						ProvisioningStyle = Automatic;
					};
				};
			};
			buildConfigurationList = 011076301DCB9B1900D872D0 /* Build configuration list for PBXProject "scTest" */;
			compatibilityVersion = "Xcode 3.2";
			developmentRegion = English;
			hasScannedForEncodings = 0;
			knownRegions = (
				en,
				Base,
			);
			mainGroup = 0110762C1DCB9B1900D872D0;
			productRefGroup = 011076361DCB9B1900D872D0 /* Products */;
			projectDirPath = "";
			projectRoot = "";
			targets = (
				011076341DCB9B1900D872D0 /* scTest */,
			);
		};
/* End PBXProject section */

/* Begin PBXResourcesBuildPhase section */
		011076331DCB9B1900D872D0 /* Resources */ = {
			isa = PBXResourcesBuildPhase;
			buildActionMask = 2147483647;
			files = (
				011076481DCB9B1900D872D0 /* LaunchScreen.storyboard in Resources */,
				011076451DCB9B1900D872D0 /* Assets.xcassets in Resources */,
				011076431DCB9B1900D872D0 /* Main.storyboard in Resources */,
			);
			runOnlyForDeploymentPostprocessing = 0;
		};
/* End PBXResourcesBuildPhase section */

/* Begin PBXSourcesBuildPhase section */
		011076311DCB9B1900D872D0 /* Sources */ = {
			isa = PBXSourcesBuildPhase;
			buildActionMask = 2147483647;
			files = (
				0110073A1DCC6DBB00424C03 /* GCDAsyncSocket.m in Sources */,
				011076401DCB9B1900D872D0 /* ViewController.m in Sources */,
				011076551DCB9B2600D872D0 /* AsyncUdpSocket.m in Sources */,
				0110763D1DCB9B1900D872D0 /* AppDelegate.m in Sources */,
				0110073B1DCC6DBB00424C03 /* GCDAsyncUdpSocket.m in Sources */,
				0110763A1DCB9B1900D872D0 /* main.m in Sources */,
				011076541DCB9B2600D872D0 /* AsyncSocket.m in Sources */,
			);
			runOnlyForDeploymentPostprocessing = 0;
		};
/* End PBXSourcesBuildPhase section */

/* Begin PBXVariantGroup section */
		011076411DCB9B1900D872D0 /* Main.storyboard */ = {
			isa = PBXVariantGroup;
			children = (
				011076421DCB9B1900D872D0 /* Base */,
			);
			name = Main.storyboard;
			sourceTree = "<group>";
		};
		011076461DCB9B1900D872D0 /* LaunchScreen.storyboard */ = {
			isa = PBXVariantGroup;
			children = (
				011076471DCB9B1900D872D0 /* Base */,
			);
			name = LaunchScreen.storyboard;
			sourceTree = "<group>";
		};
/* End PBXVariantGroup section */

/* Begin XCBuildConfiguration section */
		0110764A1DCB9B1900D872D0 /* Debug */ = {
			isa = XCBuildConfiguration;
			buildSettings = {
				ALWAYS_SEARCH_USER_PATHS = NO;
				CLANG_ANALYZER_NONNULL = YES;
				CLANG_CXX_LANGUAGE_STANDARD = "gnu++0x";
				CLANG_CXX_LIBRARY = "libc++";
				CLANG_ENABLE_MODULES = YES;
				CLANG_ENABLE_OBJC_ARC = YES;
				CLANG_WARN_BOOL_CONVERSION = YES;
				CLANG_WARN_CONSTANT_CONVERSION = YES;
				CLANG_WARN_DIRECT_OBJC_ISA_USAGE = YES_ERROR;
				CLANG_WARN_DOCUMENTATION_COMMENTS = YES;
				CLANG_WARN_EMPTY_BODY = YES;
				CLANG_WARN_ENUM_CONVERSION = YES;
				CLANG_WARN_INFINITE_RECURSION = YES;
				CLANG_WARN_INT_CONVERSION = YES;
				CLANG_WARN_OBJC_ROOT_CLASS = YES_ERROR;
				CLANG_WARN_SUSPICIOUS_MOVES = YES;
				CLANG_WARN_UNREACHABLE_CODE = YES;
				CLANG_WARN__DUPLICATE_METHOD_MATCH = YES;
				"CODE_SIGN_IDENTITY[sdk=iphoneos*]" = "iPhone Developer";
				COPY_PHASE_STRIP = NO;
				DEBUG_INFORMATION_FORMAT = dwarf;
				ENABLE_STRICT_OBJC_MSGSEND = YES;
				ENABLE_TESTABILITY = YES;
				GCC_C_LANGUAGE_STANDARD = gnu99;
				GCC_DYNAMIC_NO_PIC = NO;
				GCC_NO_COMMON_BLOCKS = YES;
				GCC_OPTIMIZATION_LEVEL = 0;
				GCC_PREPROCESSOR_DEFINITIONS = (
					"DEBUG=1",
					"$(inherited)",
				);
				GCC_WARN_64_TO_32_BIT_CONVERSION = YES;
				GCC_WARN_ABOUT_RETURN_TYPE = YES_ERROR;
				GCC_WARN_UNDECLARED_SELECTOR = YES;
				GCC_WARN_UNINITIALIZED_AUTOS = YES_AGGRESSIVE;
				GCC_WARN_UNUSED_FUNCTION = YES;
				GCC_WARN_UNUSED_VARIABLE = YES;
				IPHONEOS_DEPLOYMENT_TARGET = 10.1;
				MTL_ENABLE_DEBUG_INFO = YES;
				ONLY_ACTIVE_ARCH = YES;
				SDKROOT = iphoneos;
			};
			name = Debug;
		};
		0110764B1DCB9B1900D872D0 /* Release */ = {
			isa = XCBuildConfiguration;
			buildSettings = {
				ALWAYS_SEARCH_USER_PATHS = NO;
				CLANG_ANALYZER_NONNULL = YES;
				CLANG_CXX_LANGUAGE_STANDARD = "gnu++0x";
				CLANG_CXX_LIBRARY = "libc++";
				CLANG_ENABLE_MODULES = YES;
				CLANG_ENABLE_OBJC_ARC = YES;
				CLANG_WARN_BOOL_CONVERSION = YES;
				CLANG_WARN_CONSTANT_CONVERSION = YES;
				CLANG_WARN_DIRECT_OBJC_ISA_USAGE = YES_ERROR;
				CLANG_WARN_DOCUMENTATION_COMMENTS = YES;
				CLANG_WARN_EMPTY_BODY = YES;
				CLANG_WARN_ENUM_CONVERSION = YES;
				CLANG_WARN_INFINITE_RECURSION = YES;
				CLANG_WARN_INT_CONVERSION = YES;
				CLANG_WARN_OBJC_ROOT_CLASS = YES_ERROR;
				CLANG_WARN_SUSPICIOUS_MOVES = YES;
				CLANG_WARN_UNREACHABLE_CODE = YES;
				CLANG_WARN__DUPLICATE_METHOD_MATCH = YES;
				"CODE_SIGN_IDENTITY[sdk=iphoneos*]" = "iPhone Developer";
				COPY_PHASE_STRIP = NO;
				DEBUG_INFORMATION_FORMAT = "dwarf-with-dsym";
				ENABLE_NS_ASSERTIONS = NO;
				ENABLE_STRICT_OBJC_MSGSEND = YES;
				GCC_C_LANGUAGE_STANDARD = gnu99;
				GCC_NO_COMMON_BLOCKS = YES;
				GCC_WARN_64_TO_32_BIT_CONVERSION = YES;
				GCC_WARN_ABOUT_RETURN_TYPE = YES_ERROR;
				GCC_WARN_UNDECLARED_SELECTOR = YES;
				GCC_WARN_UNINITIALIZED_AUTOS = YES_AGGRESSIVE;
				GCC_WARN_UNUSED_FUNCTION = YES;
				GCC_WARN_UNUSED_VARIABLE = YES;
				IPHONEOS_DEPLOYMENT_TARGET = 10.1;
				MTL_ENABLE_DEBUG_INFO = NO;
				SDKROOT = iphoneos;
				VALIDATE_PRODUCT = YES;
			};
			name = Release;
		};
		0110764D1DCB9B1900D872D0 /* Debug */ = {
			isa = XCBuildConfiguration;
			buildSettings = {
				ASSETCATALOG_COMPILER_APPICON_NAME = AppIcon;
				"CODE_SIGN_IDENTITY[sdk=iphoneos*]" = "iPhone Developer";
				DEVELOPMENT_TEAM = W8JY94YY5Z;
				INFOPLIST_FILE = scTest/Info.plist;
				LD_RUNPATH_SEARCH_PATHS = "$(inherited) @executable_path/Frameworks";
				PRODUCT_BUNDLE_IDENTIFIER = com.qianfeng.scTest1;
				PRODUCT_NAME = "$(TARGET_NAME)";
			};
			name = Debug;
		};
		0110764E1DCB9B1900D872D0 /* Release */ = {
			isa = XCBuildConfiguration;
			buildSettings = {
				ASSETCATALOG_COMPILER_APPICON_NAME = AppIcon;
				"CODE_SIGN_IDENTITY[sdk=iphoneos*]" = "iPhone Developer";
				DEVELOPMENT_TEAM = W8JY94YY5Z;
				INFOPLIST_FILE = scTest/Info.plist;
				LD_RUNPATH_SEARCH_PATHS = "$(inherited) @executable_path/Frameworks";
				PRODUCT_BUNDLE_IDENTIFIER = com.qianfeng.scTest1;
				PRODUCT_NAME = "$(TARGET_NAME)";
			};
			name = Release;
		};
/* End XCBuildConfiguration section */

/* Begin XCConfigurationList section */
		011076301DCB9B1900D872D0 /* Build configuration list for PBXProject "scTest" */ = {
			isa = XCConfigurationList;
			buildConfigurations = (
				0110764A1DCB9B1900D872D0 /* Debug */,
				0110764B1DCB9B1900D872D0 /* Release */,
			);
			defaultConfigurationIsVisible = 0;
			defaultConfigurationName = Release;
		};
		0110764C1DCB9B1900D872D0 /* Build configuration list for PBXNativeTarget "scTest" */ = {
			isa = XCConfigurationList;
			buildConfigurations = (
				0110764D1DCB9B1900D872D0 /* Debug */,
				0110764E1DCB9B1900D872D0 /* Release */,
			);
			defaultConfigurationIsVisible = 0;
			defaultConfigurationName = Release;
		};
/* End XCConfigurationList section */
	};
	rootObject = 0110762D1DCB9B1900D872D0 /* Project object */;
}
